
Microsoft Visual Studio Solution File, Format Version 12.00
# Visual Studio Version 16
VisualStudioVersion = 16.0.32802.440
MinimumVisualStudioVersion = 10.0.40219.1
Project("{9A19103F-16F7-4668-BE54-9A1E7A4F7556}") = "JuegoAuto", "JuegoAuto\JuegoAuto.csproj", "{9CDBF9CB-BC4B-418C-97DE-47BF73E98548}"
EndProject
Project("{FAE04EC0-301F-11D3-BF4B-00C04F79EFBC}") = "Juego", "Juego\Juego.csproj", "{4307C3A6-4DC1-42F3-9F09-4B7F31F0AEF1}"
EndProject
Global
	GlobalSection(SolutionConfigurationPlatforms) = preSolution
		Debug|Any CPU = Debug|Any CPU
		Release|Any CPU = Release|Any CPU
	EndGlobalSection
	GlobalSection(ProjectConfigurationPlatforms) = postSolution
		{9CDBF9CB-BC4B-418C-97DE-47BF73E98548}.Debug|Any CPU.ActiveCfg = Debug|Any CPU
		{9CDBF9CB-BC4B-418C-97DE-47BF73E98548}.Debug|Any CPU.Build.0 = Debug|Any CPU
		{9CDBF9CB-BC4B-418C-97DE-47BF73E98548}.Release|Any CPU.ActiveCfg = Release|Any CPU
		{9CDBF9CB-BC4B-418C-97DE-47BF73E98548}.Release|Any CPU.Build.0 = Release|Any CPU
		{4307C3A6-4DC1-42F3-9F09-4B7F31F0AEF1}.Debug|Any CPU.ActiveCfg = Debug|Any CPU
		{4307C3A6-4DC1-42F3-9F09-4B7F31F0AEF1}.Debug|Any CPU.Build.0 = Debug|Any CPU
		{4307C3A6-4DC1-42F3-9F09-4B7F31F0AEF1}.Release|Any CPU.ActiveCfg = Release|Any CPU
		{4307C3A6-4DC1-42F3-9F09-4B7F31F0AEF1}.Release|Any CPU.Build.0 = Release|Any CPU
	EndGlobalSection
	GlobalSection(SolutionProperties) = preSolution
		HideSolutionNode = FALSE
	EndGlobalSection
	GlobalSection(ExtensibilityGlobals) = postSolution
		SolutionGuid = {9C2600E3-062F-423B-8046-3EE4275E43B8}
	EndGlobalSection
EndGlobal
